
Microsoft Visual Studio Solution File, Format Version 12.00
# Visual Studio Version 17
VisualStudioVersion = 17.0.31903.59
MinimumVisualStudioVersion = 10.0.40219.1
Project("{2150E333-8FDC-42A3-9474-1A3956D46DE8}") = "Tests", "Tests", "{630F1252-4978-493F-98AE-1797FEBCBD0A}"
EndProject
Project("{FAE04EC0-301F-11D3-BF4B-00C04F79EFBC}") = "PerformanceTests", "Tests\PerformanceTests\PerformanceTests.csproj", "{53D2BB52-A0B5-4846-9729-B23097C87250}"
EndProject
Project("{2150E333-8FDC-42A3-9474-1A3956D46DE8}") = "UnitTests", "UnitTests", "{E1E1EB01-B581-4563-9C31-9B44349577EF}"
EndProject
Project("{FAE04EC0-301F-11D3-BF4B-00C04F79EFBC}") = "Cli.Tests", "Tests\UnitTests\Cli.Tests\Cli.Tests.csproj", "{A0194339-3867-46C0-92D2-0BBD6FFE2767}"
EndProject
Project("{FAE04EC0-301F-11D3-BF4B-00C04F79EFBC}") = "Sdk.Tests", "Tests\UnitTests\Sdk.Tests\Sdk.Tests.csproj", "{11E43DBA-D3BD-4805-8CE0-9882DA3E0B8E}"
EndProject
Project("{2150E333-8FDC-42A3-9474-1A3956D46DE8}") = "Src", "Src", "{87D815A7-34F8-4CE2-B8A7-93123E0C643C}"
EndProject
Project("{FAE04EC0-301F-11D3-BF4B-00C04F79EFBC}") = "Cli", "Src\Cli\Cli.csproj", "{0A9A6861-C902-4613-BF58-58D762A3F62B}"
EndProject
Project("{FAE04EC0-301F-11D3-BF4B-00C04F79EFBC}") = "Sdk", "Src\Sdk\Sdk.csproj", "{0216ECD5-DED9-4867-A278-14959FA28E4E}"
EndProject
Global
	GlobalSection(SolutionConfigurationPlatforms) = preSolution
		Debug|Any CPU = Debug|Any CPU
		Release|Any CPU = Release|Any CPU
	EndGlobalSection
	GlobalSection(SolutionProperties) = preSolution
		HideSolutionNode = FALSE
	EndGlobalSection
	GlobalSection(ProjectConfigurationPlatforms) = postSolution
		{53D2BB52-A0B5-4846-9729-B23097C87250}.Debug|Any CPU.ActiveCfg = Debug|Any CPU
		{53D2BB52-A0B5-4846-9729-B23097C87250}.Debug|Any CPU.Build.0 = Debug|Any CPU
		{53D2BB52-A0B5-4846-9729-B23097C87250}.Release|Any CPU.ActiveCfg = Release|Any CPU
		{53D2BB52-A0B5-4846-9729-B23097C87250}.Release|Any CPU.Build.0 = Release|Any CPU
		{A0194339-3867-46C0-92D2-0BBD6FFE2767}.Debug|Any CPU.ActiveCfg = Debug|Any CPU
		{A0194339-3867-46C0-92D2-0BBD6FFE2767}.Debug|Any CPU.Build.0 = Debug|Any CPU
		{A0194339-3867-46C0-92D2-0BBD6FFE2767}.Release|Any CPU.ActiveCfg = Release|Any CPU
		{A0194339-3867-46C0-92D2-0BBD6FFE2767}.Release|Any CPU.Build.0 = Release|Any CPU
		{11E43DBA-D3BD-4805-8CE0-9882DA3E0B8E}.Debug|Any CPU.ActiveCfg = Debug|Any CPU
		{11E43DBA-D3BD-4805-8CE0-9882DA3E0B8E}.Debug|Any CPU.Build.0 = Debug|Any CPU
		{11E43DBA-D3BD-4805-8CE0-9882DA3E0B8E}.Release|Any CPU.ActiveCfg = Release|Any CPU
		{11E43DBA-D3BD-4805-8CE0-9882DA3E0B8E}.Release|Any CPU.Build.0 = Release|Any CPU
		{0A9A6861-C902-4613-BF58-58D762A3F62B}.Debug|Any CPU.ActiveCfg = Debug|Any CPU
		{0A9A6861-C902-4613-BF58-58D762A3F62B}.Debug|Any CPU.Build.0 = Debug|Any CPU
		{0A9A6861-C902-4613-BF58-58D762A3F62B}.Release|Any CPU.ActiveCfg = Release|Any CPU
		{0A9A6861-C902-4613-BF58-58D762A3F62B}.Release|Any CPU.Build.0 = Release|Any CPU
		{0216ECD5-DED9-4867-A278-14959FA28E4E}.Debug|Any CPU.ActiveCfg = Debug|Any CPU
		{0216ECD5-DED9-4867-A278-14959FA28E4E}.Debug|Any CPU.Build.0 = Debug|Any CPU
		{0216ECD5-DED9-4867-A278-14959FA28E4E}.Release|Any CPU.ActiveCfg = Release|Any CPU
		{0216ECD5-DED9-4867-A278-14959FA28E4E}.Release|Any CPU.Build.0 = Release|Any CPU
	EndGlobalSection
	GlobalSection(NestedProjects) = preSolution
		{53D2BB52-A0B5-4846-9729-B23097C87250} = {630F1252-4978-493F-98AE-1797FEBCBD0A}
		{E1E1EB01-B581-4563-9C31-9B44349577EF} = {630F1252-4978-493F-98AE-1797FEBCBD0A}
		{A0194339-3867-46C0-92D2-0BBD6FFE2767} = {E1E1EB01-B581-4563-9C31-9B44349577EF}
		{11E43DBA-D3BD-4805-8CE0-9882DA3E0B8E} = {E1E1EB01-B581-4563-9C31-9B44349577EF}
		{0A9A6861-C902-4613-BF58-58D762A3F62B} = {87D815A7-34F8-4CE2-B8A7-93123E0C643C}
		{0216ECD5-DED9-4867-A278-14959FA28E4E} = {87D815A7-34F8-4CE2-B8A7-93123E0C643C}
	EndGlobalSection
EndGlobal
